
Microsoft Visual Studio Solution File, Format Version 12.00
# 
Project("{2150E333-8FDC-42A3-9474-1A3956D46DE8}") = "src", "src", "{2B62F8C4-A61D-49BD-9657-C8006E2D490A}"
EndProject
Project("{FAE04EC0-301F-11D3-BF4B-00C04F79EFBC}") = "BlazorShWebsite.Server", "src\BlazorShWebsite.Server\BlazorShWebsite.Server.csproj", "{8666D7CA-495F-47BC-9075-036B778E850F}"
EndProject
Project("{FAE04EC0-301F-11D3-BF4B-00C04F79EFBC}") = "BlazorShWebsite.Shared", "src\BlazorShWebsite.Shared\BlazorShWebsite.Shared.csproj", "{DE71CA0B-1C9F-4597-9EB3-718661BFA60E}"
EndProject
Project("{FAE04EC0-301F-11D3-BF4B-00C04F79EFBC}") = "BlazorShWebsite.Client", "src\BlazorShWebsite.Client\BlazorShWebsite.Client.csproj", "{31C26F37-3BEC-4B85-9F61-3416C10DE7D9}"
EndProject
Global
	GlobalSection(SolutionConfigurationPlatforms) = preSolution
		Debug|Any CPU = Debug|Any CPU
		Release|Any CPU = Release|Any CPU
	EndGlobalSection
	GlobalSection(ProjectConfigurationPlatforms) = postSolution
		{5282F4F7-648A-4889-BDF5-6C7FF332DC02}.Debug|Any CPU.ActiveCfg = Debug|Any CPU
		{5282F4F7-648A-4889-BDF5-6C7FF332DC02}.Debug|Any CPU.Build.0 = Debug|Any CPU
		{5282F4F7-648A-4889-BDF5-6C7FF332DC02}.Release|Any CPU.ActiveCfg = Release|Any CPU
		{5282F4F7-648A-4889-BDF5-6C7FF332DC02}.Release|Any CPU.Build.0 = Release|Any CPU
		{06F9BAED-D2BF-45D7-83DD-FBAB662A9BBB}.Debug|Any CPU.ActiveCfg = Debug|Any CPU
		{06F9BAED-D2BF-45D7-83DD-FBAB662A9BBB}.Debug|Any CPU.Build.0 = Debug|Any CPU
		{06F9BAED-D2BF-45D7-83DD-FBAB662A9BBB}.Release|Any CPU.ActiveCfg = Release|Any CPU
		{06F9BAED-D2BF-45D7-83DD-FBAB662A9BBB}.Release|Any CPU.Build.0 = Release|Any CPU
		{8A8CFBAD-B95D-4F38-845B-7A532C42E5D1}.Debug|Any CPU.ActiveCfg = Debug|Any CPU
		{8A8CFBAD-B95D-4F38-845B-7A532C42E5D1}.Debug|Any CPU.Build.0 = Debug|Any CPU
		{8A8CFBAD-B95D-4F38-845B-7A532C42E5D1}.Release|Any CPU.ActiveCfg = Release|Any CPU
		{8A8CFBAD-B95D-4F38-845B-7A532C42E5D1}.Release|Any CPU.Build.0 = Release|Any CPU
		{8666D7CA-495F-47BC-9075-036B778E850F}.Debug|Any CPU.ActiveCfg = Debug|Any CPU
		{8666D7CA-495F-47BC-9075-036B778E850F}.Debug|Any CPU.Build.0 = Debug|Any CPU
		{8666D7CA-495F-47BC-9075-036B778E850F}.Release|Any CPU.ActiveCfg = Release|Any CPU
		{8666D7CA-495F-47BC-9075-036B778E850F}.Release|Any CPU.Build.0 = Release|Any CPU
		{DE71CA0B-1C9F-4597-9EB3-718661BFA60E}.Debug|Any CPU.ActiveCfg = Debug|Any CPU
		{DE71CA0B-1C9F-4597-9EB3-718661BFA60E}.Debug|Any CPU.Build.0 = Debug|Any CPU
		{DE71CA0B-1C9F-4597-9EB3-718661BFA60E}.Release|Any CPU.ActiveCfg = Release|Any CPU
		{DE71CA0B-1C9F-4597-9EB3-718661BFA60E}.Release|Any CPU.Build.0 = Release|Any CPU
		{31C26F37-3BEC-4B85-9F61-3416C10DE7D9}.Debug|Any CPU.ActiveCfg = Debug|Any CPU
		{31C26F37-3BEC-4B85-9F61-3416C10DE7D9}.Debug|Any CPU.Build.0 = Debug|Any CPU
		{31C26F37-3BEC-4B85-9F61-3416C10DE7D9}.Release|Any CPU.ActiveCfg = Release|Any CPU
		{31C26F37-3BEC-4B85-9F61-3416C10DE7D9}.Release|Any CPU.Build.0 = Release|Any CPU
	EndGlobalSection
	GlobalSection(NestedProjects) = preSolution
		{8666D7CA-495F-47BC-9075-036B778E850F} = {2B62F8C4-A61D-49BD-9657-C8006E2D490A}
		{DE71CA0B-1C9F-4597-9EB3-718661BFA60E} = {2B62F8C4-A61D-49BD-9657-C8006E2D490A}
		{31C26F37-3BEC-4B85-9F61-3416C10DE7D9} = {2B62F8C4-A61D-49BD-9657-C8006E2D490A}
	EndGlobalSection
EndGlobal
